
Microsoft Visual Studio Solution File, Format Version 12.00
# Visual Studio Version 16
VisualStudioVersion = 16.0.31515.178
MinimumVisualStudioVersion = 10.0.40219.1
Project("{FAE04EC0-301F-11D3-BF4B-00C04F79EFBC}") = "TrackerLibrary", "TrackerLibrary\TrackerLibrary.csproj", "{2812C9F1-792E-47BE-9E73-A8E4FBE7CA69}"
EndProject
Project("{FAE04EC0-301F-11D3-BF4B-00C04F79EFBC}") = "TrackerUI", "TrackerUI\TrackerUI.csproj", "{EC91D22F-9E46-4F6B-9B2C-26ACFEC5E6D1}"
EndProject
Global
	GlobalSection(SolutionConfigurationPlatforms) = preSolution
		Debug|Any CPU = Debug|Any CPU
		Release|Any CPU = Release|Any CPU
	EndGlobalSection
	GlobalSection(ProjectConfigurationPlatforms) = postSolution
		{2812C9F1-792E-47BE-9E73-A8E4FBE7CA69}.Debug|Any CPU.ActiveCfg = Debug|Any CPU
		{2812C9F1-792E-47BE-9E73-A8E4FBE7CA69}.Debug|Any CPU.Build.0 = Debug|Any CPU
		{2812C9F1-792E-47BE-9E73-A8E4FBE7CA69}.Release|Any CPU.ActiveCfg = Release|Any CPU
		{2812C9F1-792E-47BE-9E73-A8E4FBE7CA69}.Release|Any CPU.Build.0 = Release|Any CPU
		{EC91D22F-9E46-4F6B-9B2C-26ACFEC5E6D1}.Debug|Any CPU.ActiveCfg = Debug|Any CPU
		{EC91D22F-9E46-4F6B-9B2C-26ACFEC5E6D1}.Debug|Any CPU.Build.0 = Debug|Any CPU
		{EC91D22F-9E46-4F6B-9B2C-26ACFEC5E6D1}.Release|Any CPU.ActiveCfg = Release|Any CPU
		{EC91D22F-9E46-4F6B-9B2C-26ACFEC5E6D1}.Release|Any CPU.Build.0 = Release|Any CPU
	EndGlobalSection
	GlobalSection(SolutionProperties) = preSolution
		HideSolutionNode = FALSE
	EndGlobalSection
	GlobalSection(ExtensibilityGlobals) = postSolution
		SolutionGuid = {C5CACD71-0195-40CD-A77F-4248F9021C35}
	EndGlobalSection
EndGlobal
